
Microsoft Visual Studio Solution File, Format Version 12.00
# Visual Studio 15
VisualStudioVersion = 15.0.35319.79
MinimumVisualStudioVersion = 10.0.40219.1
Project("{FAE04EC0-301F-11D3-BF4B-00C04F79EFBC}") = "Otomasyon.WinForms", "Otomasyon.WinForms\Otomasyon.WinForms.csproj", "{730DE8FB-0C26-4816-8471-E22267337D1A}"
EndProject
Project("{FAE04EC0-301F-11D3-BF4B-00C04F79EFBC}") = "Otomasyon.Entities", "Otomasyon.Entities\Otomasyon.Entities.csproj", "{73E81C0D-4556-4E50-A546-47C9437AC9BB}"
EndProject
Project("{54435603-DBB4-11D2-8724-00A0C9A8B90C}") = "OtomasyonSetup", "..\..\..\Desktop\Yeni klasör\setup\OtomasyonSetup\OtomasyonSetup.vdproj", "{A8185815-F08A-4353-A0F4-90CAD86C97EC}"
EndProject
Global
	GlobalSection(SolutionConfigurationPlatforms) = preSolution
		Debug|Any CPU = Debug|Any CPU
		Release|Any CPU = Release|Any CPU
	EndGlobalSection
	GlobalSection(ProjectConfigurationPlatforms) = postSolution
		{730DE8FB-0C26-4816-8471-E22267337D1A}.Debug|Any CPU.ActiveCfg = Debug|Any CPU
		{730DE8FB-0C26-4816-8471-E22267337D1A}.Debug|Any CPU.Build.0 = Debug|Any CPU
		{730DE8FB-0C26-4816-8471-E22267337D1A}.Release|Any CPU.ActiveCfg = Release|Any CPU
		{730DE8FB-0C26-4816-8471-E22267337D1A}.Release|Any CPU.Build.0 = Release|Any CPU
		{73E81C0D-4556-4E50-A546-47C9437AC9BB}.Debug|Any CPU.ActiveCfg = Debug|Any CPU
		{73E81C0D-4556-4E50-A546-47C9437AC9BB}.Debug|Any CPU.Build.0 = Debug|Any CPU
		{73E81C0D-4556-4E50-A546-47C9437AC9BB}.Release|Any CPU.ActiveCfg = Release|Any CPU
		{73E81C0D-4556-4E50-A546-47C9437AC9BB}.Release|Any CPU.Build.0 = Release|Any CPU
		{A8185815-F08A-4353-A0F4-90CAD86C97EC}.Debug|Any CPU.ActiveCfg = Debug
		{A8185815-F08A-4353-A0F4-90CAD86C97EC}.Release|Any CPU.ActiveCfg = Release
	EndGlobalSection
	GlobalSection(SolutionProperties) = preSolution
		HideSolutionNode = FALSE
	EndGlobalSection
	GlobalSection(ExtensibilityGlobals) = postSolution
		SolutionGuid = {1CE84FFE-9503-4B9E-A829-C0A5B54562B8}
	EndGlobalSection
EndGlobal
